
Microsoft Visual Studio Solution File, Format Version 12.00
# Visual Studio Version 17
VisualStudioVersion = 17.9.34622.214
MinimumVisualStudioVersion = 10.0.40219.1
Project("{8BC9CEB8-8B4A-11D0-8D11-00A0C91BC942}") = "list", "list.vcxproj", "{EF257939-E81E-4B4B-ADA1-C29F8901AC38}"
EndProject
Global
	GlobalSection(SolutionConfigurationPlatforms) = preSolution
		Debug|x64 = Debug|x64
		Debug|x86 = Debug|x86
		Release|x64 = Release|x64
		Release|x86 = Release|x86
	EndGlobalSection
	GlobalSection(ProjectConfigurationPlatforms) = postSolution
		{EF257939-E81E-4B4B-ADA1-C29F8901AC38}.Debug|x64.ActiveCfg = Debug|x64
		{EF257939-E81E-4B4B-ADA1-C29F8901AC38}.Debug|x64.Build.0 = Debug|x64
		{EF257939-E81E-4B4B-ADA1-C29F8901AC38}.Debug|x86.ActiveCfg = Debug|Win32
		{EF257939-E81E-4B4B-ADA1-C29F8901AC38}.Debug|x86.Build.0 = Debug|Win32
		{EF257939-E81E-4B4B-ADA1-C29F8901AC38}.Release|x64.ActiveCfg = Release|x64
		{EF257939-E81E-4B4B-ADA1-C29F8901AC38}.Release|x64.Build.0 = Release|x64
		{EF257939-E81E-4B4B-ADA1-C29F8901AC38}.Release|x86.ActiveCfg = Release|Win32
		{EF257939-E81E-4B4B-ADA1-C29F8901AC38}.Release|x86.Build.0 = Release|Win32
	EndGlobalSection
	GlobalSection(SolutionProperties) = preSolution
		HideSolutionNode = FALSE
	EndGlobalSection
	GlobalSection(ExtensibilityGlobals) = postSolution
		SolutionGuid = {347B518F-A6B9-4B73-AC63-378477318911}
	EndGlobalSection
EndGlobal
